// !$*UTF8*$!
{
	archiveVersion = 1;
	classes = {
	};
	objectVersion = 55;
	objects = {

/* Begin PBXBuildFile section */
		21B290DAC8014508305958BE /* Pods_GenericChat.framework in Frameworks */ = {isa = PBXBuildFile; fileRef = 9633D58755C5B92893F8FC42 /* Pods_GenericChat.framework */; };
		A43B38F5279252B70062B4AA /* GoogleService-Info.plist in Resources */ = {isa = PBXBuildFile; fileRef = A43B38F4279252B70062B4AA /* GoogleService-Info.plist */; };
		A43B38F727925E030062B4AA /* DatabaseManager.swift in Sources */ = {isa = PBXBuildFile; fileRef = A43B38F627925E030062B4AA /* DatabaseManager.swift */; };
		A43D9F72278FBB75003022C6 /* Extensions.swift in Sources */ = {isa = PBXBuildFile; fileRef = A43D9F71278FBB75003022C6 /* Extensions.swift */; };
		A47CA6CA27966953003F26C0 /* ChatViewController.swift in Sources */ = {isa = PBXBuildFile; fileRef = A47CA6C927966952003F26C0 /* ChatViewController.swift */; };
		A4EA02E9278E7F7D00297210 /* AppDelegate.swift in Sources */ = {isa = PBXBuildFile; fileRef = A4EA02E8278E7F7D00297210 /* AppDelegate.swift */; };
		A4EA02EB278E7F7D00297210 /* SceneDelegate.swift in Sources */ = {isa = PBXBuildFile; fileRef = A4EA02EA278E7F7D00297210 /* SceneDelegate.swift */; };
		A4EA02ED278E7F7D00297210 /* ConversationsViewController.swift in Sources */ = {isa = PBXBuildFile; fileRef = A4EA02EC278E7F7D00297210 /* ConversationsViewController.swift */; };
		A4EA02F0278E7F7D00297210 /* Main.storyboard in Resources */ = {isa = PBXBuildFile; fileRef = A4EA02EE278E7F7D00297210 /* Main.storyboard */; };
		A4EA02F2278E7F7E00297210 /* Assets.xcassets in Resources */ = {isa = PBXBuildFile; fileRef = A4EA02F1278E7F7E00297210 /* Assets.xcassets */; };
		A4EA02F5278E7F7E00297210 /* LaunchScreen.storyboard in Resources */ = {isa = PBXBuildFile; fileRef = A4EA02F3278E7F7E00297210 /* LaunchScreen.storyboard */; };
		A4EA0304278E825F00297210 /* LoginViewController.swift in Sources */ = {isa = PBXBuildFile; fileRef = A4EA0303278E825F00297210 /* LoginViewController.swift */; };
		A4EA0306278E827000297210 /* RegisterViewController.swift in Sources */ = {isa = PBXBuildFile; fileRef = A4EA0305278E827000297210 /* RegisterViewController.swift */; };
		A4EA0308278E828D00297210 /* PhotoViewerViewController.swift in Sources */ = {isa = PBXBuildFile; fileRef = A4EA0307278E828D00297210 /* PhotoViewerViewController.swift */; };
		A4EA030A278E829700297210 /* VideoPlayerViewController.swift in Sources */ = {isa = PBXBuildFile; fileRef = A4EA0309278E829700297210 /* VideoPlayerViewController.swift */; };
		A4EA030C278E82B600297210 /* NewConcersationViewController.swift in Sources */ = {isa = PBXBuildFile; fileRef = A4EA030B278E82B600297210 /* NewConcersationViewController.swift */; };
		A4EA030E278E82C400297210 /* ProfileViewController.swift in Sources */ = {isa = PBXBuildFile; fileRef = A4EA030D278E82C400297210 /* ProfileViewController.swift */; };
/* End PBXBuildFile section */

/* Begin PBXFileReference section */
		6F8AD5E9DDE8A0C2997D8F5D /* Pods-GenericChat.debug.xcconfig */ = {isa = PBXFileReference; includeInIndex = 1; lastKnownFileType = text.xcconfig; name = "Pods-GenericChat.debug.xcconfig"; path = "Target Support Files/Pods-GenericChat/Pods-GenericChat.debug.xcconfig"; sourceTree = "<group>"; };
		9633D58755C5B92893F8FC42 /* Pods_GenericChat.framework */ = {isa = PBXFileReference; explicitFileType = wrapper.framework; includeInIndex = 0; path = Pods_GenericChat.framework; sourceTree = BUILT_PRODUCTS_DIR; };
		A43B38F4279252B70062B4AA /* GoogleService-Info.plist */ = {isa = PBXFileReference; fileEncoding = 4; lastKnownFileType = text.plist.xml; path = "GoogleService-Info.plist"; sourceTree = "<group>"; };
		A43B38F627925E030062B4AA /* DatabaseManager.swift */ = {isa = PBXFileReference; lastKnownFileType = sourcecode.swift; path = DatabaseManager.swift; sourceTree = "<group>"; };
		A43D9F71278FBB75003022C6 /* Extensions.swift */ = {isa = PBXFileReference; lastKnownFileType = sourcecode.swift; path = Extensions.swift; sourceTree = "<group>"; };
		A47CA6C927966952003F26C0 /* ChatViewController.swift */ = {isa = PBXFileReference; lastKnownFileType = sourcecode.swift; path = ChatViewController.swift; sourceTree = "<group>"; };
		A4EA02E5278E7F7D00297210 /* GenericChat.app */ = {isa = PBXFileReference; explicitFileType = wrapper.application; includeInIndex = 0; path = GenericChat.app; sourceTree = BUILT_PRODUCTS_DIR; };
		A4EA02E8278E7F7D00297210 /* AppDelegate.swift */ = {isa = PBXFileReference; lastKnownFileType = sourcecode.swift; path = AppDelegate.swift; sourceTree = "<group>"; };
		A4EA02EA278E7F7D00297210 /* SceneDelegate.swift */ = {isa = PBXFileReference; lastKnownFileType = sourcecode.swift; path = SceneDelegate.swift; sourceTree = "<group>"; };
		A4EA02EC278E7F7D00297210 /* ConversationsViewController.swift */ = {isa = PBXFileReference; lastKnownFileType = sourcecode.swift; path = ConversationsViewController.swift; sourceTree = "<group>"; };
		A4EA02EF278E7F7D00297210 /* Base */ = {isa = PBXFileReference; lastKnownFileType = file.storyboard; name = Base; path = Base.lproj/Main.storyboard; sourceTree = "<group>"; };
		A4EA02F1278E7F7E00297210 /* Assets.xcassets */ = {isa = PBXFileReference; lastKnownFileType = folder.assetcatalog; path = Assets.xcassets; sourceTree = "<group>"; };
		A4EA02F4278E7F7E00297210 /* Base */ = {isa = PBXFileReference; lastKnownFileType = file.storyboard; name = Base; path = Base.lproj/LaunchScreen.storyboard; sourceTree = "<group>"; };
		A4EA02F6278E7F7E00297210 /* Info.plist */ = {isa = PBXFileReference; lastKnownFileType = text.plist.xml; path = Info.plist; sourceTree = "<group>"; };
		A4EA0303278E825F00297210 /* LoginViewController.swift */ = {isa = PBXFileReference; lastKnownFileType = sourcecode.swift; path = LoginViewController.swift; sourceTree = "<group>"; };
		A4EA0305278E827000297210 /* RegisterViewController.swift */ = {isa = PBXFileReference; lastKnownFileType = sourcecode.swift; path = RegisterViewController.swift; sourceTree = "<group>"; };
		A4EA0307278E828D00297210 /* PhotoViewerViewController.swift */ = {isa = PBXFileReference; lastKnownFileType = sourcecode.swift; path = PhotoViewerViewController.swift; sourceTree = "<group>"; };
		A4EA0309278E829700297210 /* VideoPlayerViewController.swift */ = {isa = PBXFileReference; lastKnownFileType = sourcecode.swift; path = VideoPlayerViewController.swift; sourceTree = "<group>"; };
		A4EA030B278E82B600297210 /* NewConcersationViewController.swift */ = {isa = PBXFileReference; lastKnownFileType = sourcecode.swift; path = NewConcersationViewController.swift; sourceTree = "<group>"; };
		A4EA030D278E82C400297210 /* ProfileViewController.swift */ = {isa = PBXFileReference; lastKnownFileType = sourcecode.swift; path = ProfileViewController.swift; sourceTree = "<group>"; };
		D2D2AD2DC687F93C2CC81899 /* Pods-GenericChat.release.xcconfig */ = {isa = PBXFileReference; includeInIndex = 1; lastKnownFileType = text.xcconfig; name = "Pods-GenericChat.release.xcconfig"; path = "Target Support Files/Pods-GenericChat/Pods-GenericChat.release.xcconfig"; sourceTree = "<group>"; };
/* End PBXFileReference section */

/* Begin PBXFrameworksBuildPhase section */
		A4EA02E2278E7F7D00297210 /* Frameworks */ = {
			isa = PBXFrameworksBuildPhase;
			buildActionMask = 2147483647;
			files = (
				21B290DAC8014508305958BE /* Pods_GenericChat.framework in Frameworks */,
			);
			runOnlyForDeploymentPostprocessing = 0;
		};
/* End PBXFrameworksBuildPhase section */

/* Begin PBXGroup section */
		347DF318523439E780B517E7 /* Frameworks */ = {
			isa = PBXGroup;
			children = (
				9633D58755C5B92893F8FC42 /* Pods_GenericChat.framework */,
			);
			name = Frameworks;
			sourceTree = "<group>";
		};
		4F88AA14566CF60F0E967DE0 /* Pods */ = {
			isa = PBXGroup;
			children = (
				6F8AD5E9DDE8A0C2997D8F5D /* Pods-GenericChat.debug.xcconfig */,
				D2D2AD2DC687F93C2CC81899 /* Pods-GenericChat.release.xcconfig */,
			);
			path = Pods;
			sourceTree = "<group>";
		};
		A43D9F70278FB634003022C6 /* Authentication */ = {
			isa = PBXGroup;
			children = (
				A4EA0303278E825F00297210 /* LoginViewController.swift */,
				A4EA0305278E827000297210 /* RegisterViewController.swift */,
			);
			path = Authentication;
			sourceTree = "<group>";
		};
		A4EA02DC278E7F7D00297210 = {
			isa = PBXGroup;
			children = (
				A4EA02E7278E7F7D00297210 /* GenericChat */,
				A4EA02E6278E7F7D00297210 /* Products */,
				4F88AA14566CF60F0E967DE0 /* Pods */,
				347DF318523439E780B517E7 /* Frameworks */,
			);
			sourceTree = "<group>";
		};
		A4EA02E6278E7F7D00297210 /* Products */ = {
			isa = PBXGroup;
			children = (
				A4EA02E5278E7F7D00297210 /* GenericChat.app */,
			);
			name = Products;
			sourceTree = "<group>";
		};
		A4EA02E7278E7F7D00297210 /* GenericChat */ = {
			isa = PBXGroup;
			children = (
				A4EA0301278E80FC00297210 /* Resources */,
				A4EA02FF278E80E600297210 /* ViewModels */,
				A4EA02FE278E80DE00297210 /* Models */,
				A4EA02FD278E80D500297210 /* Views */,
				A4EA02FC278E80CB00297210 /* Controllers */,
				A4EA02F6278E7F7E00297210 /* Info.plist */,
				A43B38F4279252B70062B4AA /* GoogleService-Info.plist */,
			);
			path = GenericChat;
			sourceTree = "<group>";
		};
		A4EA02FC278E80CB00297210 /* Controllers */ = {
			isa = PBXGroup;
			children = (
				A4EA02EC278E7F7D00297210 /* ConversationsViewController.swift */,
				A43D9F70278FB634003022C6 /* Authentication */,
				A4EA0307278E828D00297210 /* PhotoViewerViewController.swift */,
				A4EA0309278E829700297210 /* VideoPlayerViewController.swift */,
				A4EA030B278E82B600297210 /* NewConcersationViewController.swift */,
				A4EA030D278E82C400297210 /* ProfileViewController.swift */,
				A47CA6C927966952003F26C0 /* ChatViewController.swift */,
			);
			path = Controllers;
			sourceTree = "<group>";
		};
		A4EA02FD278E80D500297210 /* Views */ = {
			isa = PBXGroup;
			children = (
				A4EA0302278E812800297210 /* Storyboards */,
				A4EA02F1278E7F7E00297210 /* Assets.xcassets */,
			);
			path = Views;
			sourceTree = "<group>";
		};
		A4EA02FE278E80DE00297210 /* Models */ = {
			isa = PBXGroup;
			children = (
			);
			path = Models;
			sourceTree = "<group>";
		};
		A4EA02FF278E80E600297210 /* ViewModels */ = {
			isa = PBXGroup;
			children = (
			);
			path = ViewModels;
			sourceTree = "<group>";
		};
		A4EA0301278E80FC00297210 /* Resources */ = {
			isa = PBXGroup;
			children = (
				A4EA02E8278E7F7D00297210 /* AppDelegate.swift */,
				A4EA02EA278E7F7D00297210 /* SceneDelegate.swift */,
				A43D9F71278FBB75003022C6 /* Extensions.swift */,
				A43B38F627925E030062B4AA /* DatabaseManager.swift */,
			);
			path = Resources;
			sourceTree = "<group>";
		};
		A4EA0302278E812800297210 /* Storyboards */ = {
			isa = PBXGroup;
			children = (
				A4EA02EE278E7F7D00297210 /* Main.storyboard */,
				A4EA02F3278E7F7E00297210 /* LaunchScreen.storyboard */,
			);
			path = Storyboards;
			sourceTree = "<group>";
		};
/* End PBXGroup section */

/* Begin PBXNativeTarget section */
		A4EA02E4278E7F7D00297210 /* GenericChat */ = {
			isa = PBXNativeTarget;
			buildConfigurationList = A4EA02F9278E7F7E00297210 /* Build configuration list for PBXNativeTarget "GenericChat" */;
			buildPhases = (
				264DC1663F8F992ECF5C3AD1 /* [CP] Check Pods Manifest.lock */,
				A4EA02E1278E7F7D00297210 /* Sources */,
				A4EA02E2278E7F7D00297210 /* Frameworks */,
				A4EA02E3278E7F7D00297210 /* Resources */,
				E41B187DDFD785CA860249E1 /* [CP] Embed Pods Frameworks */,
			);
			buildRules = (
			);
			dependencies = (
			);
			name = GenericChat;
			productName = GenericChat;
			productReference = A4EA02E5278E7F7D00297210 /* GenericChat.app */;
			productType = "com.apple.product-type.application";
		};
/* End PBXNativeTarget section */

/* Begin PBXProject section */
		A4EA02DD278E7F7D00297210 /* Project object */ = {
			isa = PBXProject;
			attributes = {
				BuildIndependentTargetsInParallel = 1;
				LastSwiftUpdateCheck = 1320;
				LastUpgradeCheck = 1320;
				TargetAttributes = {
					A4EA02E4278E7F7D00297210 = {
						CreatedOnToolsVersion = 13.2.1;
					};
				};
			};
			buildConfigurationList = A4EA02E0278E7F7D00297210 /* Build configuration list for PBXProject "GenericChat" */;
			compatibilityVersion = "Xcode 13.0";
			developmentRegion = en;
			hasScannedForEncodings = 0;
			knownRegions = (
				en,
				Base,
			);
			mainGroup = A4EA02DC278E7F7D00297210;
			productRefGroup = A4EA02E6278E7F7D00297210 /* Products */;
			projectDirPath = "";
			projectRoot = "";
			targets = (
				A4EA02E4278E7F7D00297210 /* GenericChat */,
			);
		};
/* End PBXProject section */

/* Begin PBXResourcesBuildPhase section */
		A4EA02E3278E7F7D00297210 /* Resources */ = {
			isa = PBXResourcesBuildPhase;
			buildActionMask = 2147483647;
			files = (
				A4EA02F5278E7F7E00297210 /* LaunchScreen.storyboard in Resources */,
				A43B38F5279252B70062B4AA /* GoogleService-Info.plist in Resources */,
				A4EA02F2278E7F7E00297210 /* Assets.xcassets in Resources */,
				A4EA02F0278E7F7D00297210 /* Main.storyboard in Resources */,
			);
			runOnlyForDeploymentPostprocessing = 0;
		};
/* End PBXResourcesBuildPhase section */

/* Begin PBXShellScriptBuildPhase section */
		264DC1663F8F992ECF5C3AD1 /* [CP] Check Pods Manifest.lock */ = {
			isa = PBXShellScriptBuildPhase;
			buildActionMask = 2147483647;
			files = (
			);
			inputFileListPaths = (
			);
			inputPaths = (
				"${PODS_PODFILE_DIR_PATH}/Podfile.lock",
				"${PODS_ROOT}/Manifest.lock",
			);
			name = "[CP] Check Pods Manifest.lock";
			outputFileListPaths = (
			);
			outputPaths = (
				"$(DERIVED_FILE_DIR)/Pods-GenericChat-checkManifestLockResult.txt",
			);
			runOnlyForDeploymentPostprocessing = 0;
			shellPath = /bin/sh;
			shellScript = "diff \"${PODS_PODFILE_DIR_PATH}/Podfile.lock\" \"${PODS_ROOT}/Manifest.lock\" > /dev/null\nif [ $? != 0 ] ; then\n    # print error to STDERR\n    echo \"error: The sandbox is not in sync with the Podfile.lock. Run 'pod install' or update your CocoaPods installation.\" >&2\n    exit 1\nfi\n# This output is used by Xcode 'outputs' to avoid re-running this script phase.\necho \"SUCCESS\" > \"${SCRIPT_OUTPUT_FILE_0}\"\n";
			showEnvVarsInLog = 0;
		};
		E41B187DDFD785CA860249E1 /* [CP] Embed Pods Frameworks */ = {
			isa = PBXShellScriptBuildPhase;
			buildActionMask = 2147483647;
			files = (
			);
			inputFileListPaths = (
				"${PODS_ROOT}/Target Support Files/Pods-GenericChat/Pods-GenericChat-frameworks-${CONFIGURATION}-input-files.xcfilelist",
			);
			name = "[CP] Embed Pods Frameworks";
			outputFileListPaths = (
				"${PODS_ROOT}/Target Support Files/Pods-GenericChat/Pods-GenericChat-frameworks-${CONFIGURATION}-output-files.xcfilelist",
			);
			runOnlyForDeploymentPostprocessing = 0;
			shellPath = /bin/sh;
			shellScript = "\"${PODS_ROOT}/Target Support Files/Pods-GenericChat/Pods-GenericChat-frameworks.sh\"\n";
			showEnvVarsInLog = 0;
		};
/* End PBXShellScriptBuildPhase section */

/* Begin PBXSourcesBuildPhase section */
		A4EA02E1278E7F7D00297210 /* Sources */ = {
			isa = PBXSourcesBuildPhase;
			buildActionMask = 2147483647;
			files = (
				A4EA0304278E825F00297210 /* LoginViewController.swift in Sources */,
				A43B38F727925E030062B4AA /* DatabaseManager.swift in Sources */,
				A4EA0306278E827000297210 /* RegisterViewController.swift in Sources */,
				A4EA02ED278E7F7D00297210 /* ConversationsViewController.swift in Sources */,
				A4EA030A278E829700297210 /* VideoPlayerViewController.swift in Sources */,
				A4EA02E9278E7F7D00297210 /* AppDelegate.swift in Sources */,
				A43D9F72278FBB75003022C6 /* Extensions.swift in Sources */,
				A4EA02EB278E7F7D00297210 /* SceneDelegate.swift in Sources */,
				A4EA030E278E82C400297210 /* ProfileViewController.swift in Sources */,
				A4EA0308278E828D00297210 /* PhotoViewerViewController.swift in Sources */,
				A47CA6CA27966953003F26C0 /* ChatViewController.swift in Sources */,
				A4EA030C278E82B600297210 /* NewConcersationViewController.swift in Sources */,
			);
			runOnlyForDeploymentPostprocessing = 0;
		};
/* End PBXSourcesBuildPhase section */

/* Begin PBXVariantGroup section */
		A4EA02EE278E7F7D00297210 /* Main.storyboard */ = {
			isa = PBXVariantGroup;
			children = (
				A4EA02EF278E7F7D00297210 /* Base */,
			);
			name = Main.storyboard;
			sourceTree = "<group>";
		};
		A4EA02F3278E7F7E00297210 /* LaunchScreen.storyboard */ = {
			isa = PBXVariantGroup;
			children = (
				A4EA02F4278E7F7E00297210 /* Base */,
			);
			name = LaunchScreen.storyboard;
			sourceTree = "<group>";
		};
/* End PBXVariantGroup section */

/* Begin XCBuildConfiguration section */
		A4EA02F7278E7F7E00297210 /* Debug */ = {
			isa = XCBuildConfiguration;
			buildSettings = {
				ALWAYS_SEARCH_USER_PATHS = NO;
				CLANG_ANALYZER_NONNULL = YES;
				CLANG_ANALYZER_NUMBER_OBJECT_CONVERSION = YES_AGGRESSIVE;
				CLANG_CXX_LANGUAGE_STANDARD = "gnu++17";
				CLANG_CXX_LIBRARY = "libc++";
				CLANG_ENABLE_MODULES = YES;
				CLANG_ENABLE_OBJC_ARC = YES;
				CLANG_ENABLE_OBJC_WEAK = YES;
				CLANG_WARN_BLOCK_CAPTURE_AUTORELEASING = YES;
				CLANG_WARN_BOOL_CONVERSION = YES;
				CLANG_WARN_COMMA = YES;
				CLANG_WARN_CONSTANT_CONVERSION = YES;
				CLANG_WARN_DEPRECATED_OBJC_IMPLEMENTATIONS = YES;
				CLANG_WARN_DIRECT_OBJC_ISA_USAGE = YES_ERROR;
				CLANG_WARN_DOCUMENTATION_COMMENTS = YES;
				CLANG_WARN_EMPTY_BODY = YES;
				CLANG_WARN_ENUM_CONVERSION = YES;
				CLANG_WARN_INFINITE_RECURSION = YES;
				CLANG_WARN_INT_CONVERSION = YES;
				CLANG_WARN_NON_LITERAL_NULL_CONVERSION = YES;
				CLANG_WARN_OBJC_IMPLICIT_RETAIN_SELF = YES;
				CLANG_WARN_OBJC_LITERAL_CONVERSION = YES;
				CLANG_WARN_OBJC_ROOT_CLASS = YES_ERROR;
				CLANG_WARN_QUOTED_INCLUDE_IN_FRAMEWORK_HEADER = YES;
				CLANG_WARN_RANGE_LOOP_ANALYSIS = YES;
				CLANG_WARN_STRICT_PROTOTYPES = YES;
				CLANG_WARN_SUSPICIOUS_MOVE = YES;
				CLANG_WARN_UNGUARDED_AVAILABILITY = YES_AGGRESSIVE;
				CLANG_WARN_UNREACHABLE_CODE = YES;
				CLANG_WARN__DUPLICATE_METHOD_MATCH = YES;
				COPY_PHASE_STRIP = NO;
				DEBUG_INFORMATION_FORMAT = dwarf;
				ENABLE_STRICT_OBJC_MSGSEND = YES;
				ENABLE_TESTABILITY = YES;
				GCC_C_LANGUAGE_STANDARD = gnu11;
				GCC_DYNAMIC_NO_PIC = NO;
				GCC_NO_COMMON_BLOCKS = YES;
				GCC_OPTIMIZATION_LEVEL = 0;
				GCC_PREPROCESSOR_DEFINITIONS = (
					"DEBUG=1",
					"$(inherited)",
				);
				GCC_WARN_64_TO_32_BIT_CONVERSION = YES;
				GCC_WARN_ABOUT_RETURN_TYPE = YES_ERROR;
				GCC_WARN_UNDECLARED_SELECTOR = YES;
				GCC_WARN_UNINITIALIZED_AUTOS = YES_AGGRESSIVE;
				GCC_WARN_UNUSED_FUNCTION = YES;
				GCC_WARN_UNUSED_VARIABLE = YES;
				IPHONEOS_DEPLOYMENT_TARGET = 15.2;
				MTL_ENABLE_DEBUG_INFO = INCLUDE_SOURCE;
				MTL_FAST_MATH = YES;
				ONLY_ACTIVE_ARCH = YES;
				SDKROOT = iphoneos;
				SWIFT_ACTIVE_COMPILATION_CONDITIONS = DEBUG;
				SWIFT_OPTIMIZATION_LEVEL = "-Onone";
			};
			name = Debug;
		};
		A4EA02F8278E7F7E00297210 /* Release */ = {
			isa = XCBuildConfiguration;
			buildSettings = {
				ALWAYS_SEARCH_USER_PATHS = NO;
				CLANG_ANALYZER_NONNULL = YES;
				CLANG_ANALYZER_NUMBER_OBJECT_CONVERSION = YES_AGGRESSIVE;
				CLANG_CXX_LANGUAGE_STANDARD = "gnu++17";
				CLANG_CXX_LIBRARY = "libc++";
				CLANG_ENABLE_MODULES = YES;
				CLANG_ENABLE_OBJC_ARC = YES;
				CLANG_ENABLE_OBJC_WEAK = YES;
				CLANG_WARN_BLOCK_CAPTURE_AUTORELEASING = YES;
				CLANG_WARN_BOOL_CONVERSION = YES;
				CLANG_WARN_COMMA = YES;
				CLANG_WARN_CONSTANT_CONVERSION = YES;
				CLANG_WARN_DEPRECATED_OBJC_IMPLEMENTATIONS = YES;
				CLANG_WARN_DIRECT_OBJC_ISA_USAGE = YES_ERROR;
				CLANG_WARN_DOCUMENTATION_COMMENTS = YES;
				CLANG_WARN_EMPTY_BODY = YES;
				CLANG_WARN_ENUM_CONVERSION = YES;
				CLANG_WARN_INFINITE_RECURSION = YES;
				CLANG_WARN_INT_CONVERSION = YES;
				CLANG_WARN_NON_LITERAL_NULL_CONVERSION = YES;
				CLANG_WARN_OBJC_IMPLICIT_RETAIN_SELF = YES;
				CLANG_WARN_OBJC_LITERAL_CONVERSION = YES;
				CLANG_WARN_OBJC_ROOT_CLASS = YES_ERROR;
				CLANG_WARN_QUOTED_INCLUDE_IN_FRAMEWORK_HEADER = YES;
				CLANG_WARN_RANGE_LOOP_ANALYSIS = YES;
				CLANG_WARN_STRICT_PROTOTYPES = YES;
				CLANG_WARN_SUSPICIOUS_MOVE = YES;
				CLANG_WARN_UNGUARDED_AVAILABILITY = YES_AGGRESSIVE;
				CLANG_WARN_UNREACHABLE_CODE = YES;
				CLANG_WARN__DUPLICATE_METHOD_MATCH = YES;
				COPY_PHASE_STRIP = NO;
				DEBUG_INFORMATION_FORMAT = "dwarf-with-dsym";
				ENABLE_NS_ASSERTIONS = NO;
				ENABLE_STRICT_OBJC_MSGSEND = YES;
				GCC_C_LANGUAGE_STANDARD = gnu11;
				GCC_NO_COMMON_BLOCKS = YES;
				GCC_WARN_64_TO_32_BIT_CONVERSION = YES;
				GCC_WARN_ABOUT_RETURN_TYPE = YES_ERROR;
				GCC_WARN_UNDECLARED_SELECTOR = YES;
				GCC_WARN_UNINITIALIZED_AUTOS = YES_AGGRESSIVE;
				GCC_WARN_UNUSED_FUNCTION = YES;
				GCC_WARN_UNUSED_VARIABLE = YES;
				IPHONEOS_DEPLOYMENT_TARGET = 15.2;
				MTL_ENABLE_DEBUG_INFO = NO;
				MTL_FAST_MATH = YES;
				SDKROOT = iphoneos;
				SWIFT_COMPILATION_MODE = wholemodule;
				SWIFT_OPTIMIZATION_LEVEL = "-O";
				VALIDATE_PRODUCT = YES;
			};
			name = Release;
		};
		A4EA02FA278E7F7E00297210 /* Debug */ = {
			isa = XCBuildConfiguration;
			baseConfigurationReference = 6F8AD5E9DDE8A0C2997D8F5D /* Pods-GenericChat.debug.xcconfig */;
			buildSettings = {
				ASSETCATALOG_COMPILER_APPICON_NAME = AppIcon;
				ASSETCATALOG_COMPILER_GLOBAL_ACCENT_COLOR_NAME = AccentColor;
				CODE_SIGN_STYLE = Automatic;
				CURRENT_PROJECT_VERSION = 1;
				DEVELOPMENT_TEAM = 5P4JJDT7CR;
				GENERATE_INFOPLIST_FILE = YES;
				INFOPLIST_FILE = GenericChat/Info.plist;
				INFOPLIST_KEY_NSCameraUsageDescription = "Please allow us to use the camera to take a picture";
				INFOPLIST_KEY_NSPhotoLibraryAddUsageDescription = "Please allow us to select a photo from your library";
				INFOPLIST_KEY_UIApplicationSupportsIndirectInputEvents = YES;
				INFOPLIST_KEY_UILaunchStoryboardName = LaunchScreen;
				INFOPLIST_KEY_UIMainStoryboardFile = Main;
				INFOPLIST_KEY_UISupportedInterfaceOrientations = UIInterfaceOrientationPortrait;
				INFOPLIST_KEY_UISupportedInterfaceOrientations_iPad = "UIInterfaceOrientationPortrait UIInterfaceOrientationPortraitUpsideDown UIInterfaceOrientationLandscapeLeft UIInterfaceOrientationLandscapeRight";
				INFOPLIST_KEY_UISupportedInterfaceOrientations_iPhone = "UIInterfaceOrientationPortrait UIInterfaceOrientationLandscapeLeft UIInterfaceOrientationLandscapeRight";
				IPHONEOS_DEPLOYMENT_TARGET = 13.0;
				LD_RUNPATH_SEARCH_PATHS = (
					"$(inherited)",
					"@executable_path/Frameworks",
				);
				MARKETING_VERSION = 1.0;
				PRODUCT_BUNDLE_IDENTIFIER = com.urielh.GenericChat;
				PRODUCT_NAME = "$(TARGET_NAME)";
				SWIFT_EMIT_LOC_STRINGS = YES;
				SWIFT_VERSION = 5.0;
				TARGETED_DEVICE_FAMILY = "1,2";
			};
			name = Debug;
		};
		A4EA02FB278E7F7E00297210 /* Release */ = {
			isa = XCBuildConfiguration;
			baseConfigurationReference = D2D2AD2DC687F93C2CC81899 /* Pods-GenericChat.release.xcconfig */;
			buildSettings = {
				ASSETCATALOG_COMPILER_APPICON_NAME = AppIcon;
				ASSETCATALOG_COMPILER_GLOBAL_ACCENT_COLOR_NAME = AccentColor;
				CODE_SIGN_STYLE = Automatic;
				CURRENT_PROJECT_VERSION = 1;
				DEVELOPMENT_TEAM = 5P4JJDT7CR;
				GENERATE_INFOPLIST_FILE = YES;
				INFOPLIST_FILE = GenericChat/Info.plist;
				INFOPLIST_KEY_NSCameraUsageDescription = "Please allow us to use the camera to take a picture";
				INFOPLIST_KEY_NSPhotoLibraryAddUsageDescription = "Please allow us to select a photo from your library";
				INFOPLIST_KEY_UIApplicationSupportsIndirectInputEvents = YES;
				INFOPLIST_KEY_UILaunchStoryboardName = LaunchScreen;
				INFOPLIST_KEY_UIMainStoryboardFile = Main;
				INFOPLIST_KEY_UISupportedInterfaceOrientations = UIInterfaceOrientationPortrait;
				INFOPLIST_KEY_UISupportedInterfaceOrientations_iPad = "UIInterfaceOrientationPortrait UIInterfaceOrientationPortraitUpsideDown UIInterfaceOrientationLandscapeLeft UIInterfaceOrientationLandscapeRight";
				INFOPLIST_KEY_UISupportedInterfaceOrientations_iPhone = "UIInterfaceOrientationPortrait UIInterfaceOrientationLandscapeLeft UIInterfaceOrientationLandscapeRight";
				IPHONEOS_DEPLOYMENT_TARGET = 13.0;
				LD_RUNPATH_SEARCH_PATHS = (
					"$(inherited)",
					"@executable_path/Frameworks",
				);
				MARKETING_VERSION = 1.0;
				PRODUCT_BUNDLE_IDENTIFIER = com.urielh.GenericChat;
				PRODUCT_NAME = "$(TARGET_NAME)";
				SWIFT_EMIT_LOC_STRINGS = YES;
				SWIFT_VERSION = 5.0;
				TARGETED_DEVICE_FAMILY = "1,2";
			};
			name = Release;
		};
/* End XCBuildConfiguration section */

/* Begin XCConfigurationList section */
		A4EA02E0278E7F7D00297210 /* Build configuration list for PBXProject "GenericChat" */ = {
			isa = XCConfigurationList;
			buildConfigurations = (
				A4EA02F7278E7F7E00297210 /* Debug */,
				A4EA02F8278E7F7E00297210 /* Release */,
			);
			defaultConfigurationIsVisible = 0;
			defaultConfigurationName = Release;
		};
		A4EA02F9278E7F7E00297210 /* Build configuration list for PBXNativeTarget "GenericChat" */ = {
			isa = XCConfigurationList;
			buildConfigurations = (
				A4EA02FA278E7F7E00297210 /* Debug */,
				A4EA02FB278E7F7E00297210 /* Release */,
			);
			defaultConfigurationIsVisible = 0;
			defaultConfigurationName = Release;
		};
/* End XCConfigurationList section */
	};
	rootObject = A4EA02DD278E7F7D00297210 /* Project object */;
}
